
Microsoft Visual Studio Solution File, Format Version 12.00
# Visual Studio Version 16
VisualStudioVersion = 16.0.31321.278
MinimumVisualStudioVersion = 10.0.40219.1
Project("{9A19103F-16F7-4668-BE54-9A1E7A4F7556}") = "SimpleCalculator", "SimpleCalculator.csproj", "{8C9EE959-D360-48F4-9E94-3CB6EE0D8B0C}"
EndProject
Global
	GlobalSection(SolutionConfigurationPlatforms) = preSolution
		Debug|Any CPU = Debug|Any CPU
		Release|Any CPU = Release|Any CPU
	EndGlobalSection
	GlobalSection(ProjectConfigurationPlatforms) = postSolution
		{8C9EE959-D360-48F4-9E94-3CB6EE0D8B0C}.Debug|Any CPU.ActiveCfg = Debug|Any CPU
		{8C9EE959-D360-48F4-9E94-3CB6EE0D8B0C}.Debug|Any CPU.Build.0 = Debug|Any CPU
		{8C9EE959-D360-48F4-9E94-3CB6EE0D8B0C}.Release|Any CPU.ActiveCfg = Release|Any CPU
		{8C9EE959-D360-48F4-9E94-3CB6EE0D8B0C}.Release|Any CPU.Build.0 = Release|Any CPU
	EndGlobalSection
	GlobalSection(SolutionProperties) = preSolution
		HideSolutionNode = FALSE
	EndGlobalSection
	GlobalSection(ExtensibilityGlobals) = postSolution
		SolutionGuid = {F393A9D7-0F02-4223-9C8C-E22258B7E8B7}
	EndGlobalSection
EndGlobal
